Microsoft Visual Studio Solution File, Format Version 12.00
# Visual Studio 2012
Project("{FAE04EC0-301F-11D3-BF4B-00C04F79EFBC}") = "GetColumnType", "GetColumnType\GetColumnType.csproj", "{5D2DE995-1946-477D-81C1-E6B2B2186C10}"
EndProject
Global
	GlobalSection(SolutionConfigurationPlatforms) = preSolution
		Debug|Any CPU = Debug|Any CPU
		Release|Any CPU = Release|Any CPU
	EndGlobalSection
	GlobalSection(ProjectConfigurationPlatforms) = postSolution
		{5D2DE995-1946-477D-81C1-E6B2B2186C10}.Debug|Any CPU.ActiveCfg = Debug|Any CPU
		{5D2DE995-1946-477D-81C1-E6B2B2186C10}.Debug|Any CPU.Build.0 = Debug|Any CPU
		{5D2DE995-1946-477D-81C1-E6B2B2186C10}.Release|Any CPU.ActiveCfg = Release|Any CPU
		{5D2DE995-1946-477D-81C1-E6B2B2186C10}.Release|Any CPU.Build.0 = Release|Any CPU
	EndGlobalSection
	GlobalSection(SolutionProperties) = preSolution
		HideSolutionNode = FALSE
	EndGlobalSection
EndGlobal
